
Microsoft Visual Studio Solution File, Format Version 12.00
# Visual Studio 15
VisualStudioVersion = 15.0.28307.1062
MinimumVisualStudioVersion = 10.0.40219.1
Project("{FAE04EC0-301F-11D3-BF4B-00C04F79EFBC}") = "Work_Contract", "Work_Contract\Work_Contract.csproj", "{4BBDDF5D-3F0C-4879-88C2-F4E77CEFC413}"
EndProject
Project("{FAE04EC0-301F-11D3-BF4B-00C04F79EFBC}") = "Course", "Course\Course.csproj", "{81BEF4F3-FDFC-47B3-AA02-A02A78E80F1E}"
EndProject
Project("{FAE04EC0-301F-11D3-BF4B-00C04F79EFBC}") = "HerancaEPolimorfismo", "HerancaEPolimorfismo\HerancaEPolimorfismo.csproj", "{3EC4CBBA-A46B-4C6A-9AD3-F1E32E166577}"
EndProject
Global
	GlobalSection(SolutionConfigurationPlatforms) = preSolution
		Debug|Any CPU = Debug|Any CPU
		Release|Any CPU = Release|Any CPU
	EndGlobalSection
	GlobalSection(ProjectConfigurationPlatforms) = postSolution
		{4BBDDF5D-3F0C-4879-88C2-F4E77CEFC413}.Debug|Any CPU.ActiveCfg = Debug|Any CPU
		{4BBDDF5D-3F0C-4879-88C2-F4E77CEFC413}.Debug|Any CPU.Build.0 = Debug|Any CPU
		{4BBDDF5D-3F0C-4879-88C2-F4E77CEFC413}.Release|Any CPU.ActiveCfg = Release|Any CPU
		{4BBDDF5D-3F0C-4879-88C2-F4E77CEFC413}.Release|Any CPU.Build.0 = Release|Any CPU
		{81BEF4F3-FDFC-47B3-AA02-A02A78E80F1E}.Debug|Any CPU.ActiveCfg = Debug|Any CPU
		{81BEF4F3-FDFC-47B3-AA02-A02A78E80F1E}.Debug|Any CPU.Build.0 = Debug|Any CPU
		{81BEF4F3-FDFC-47B3-AA02-A02A78E80F1E}.Release|Any CPU.ActiveCfg = Release|Any CPU
		{81BEF4F3-FDFC-47B3-AA02-A02A78E80F1E}.Release|Any CPU.Build.0 = Release|Any CPU
		{3EC4CBBA-A46B-4C6A-9AD3-F1E32E166577}.Debug|Any CPU.ActiveCfg = Debug|Any CPU
		{3EC4CBBA-A46B-4C6A-9AD3-F1E32E166577}.Debug|Any CPU.Build.0 = Debug|Any CPU
		{3EC4CBBA-A46B-4C6A-9AD3-F1E32E166577}.Release|Any CPU.ActiveCfg = Release|Any CPU
		{3EC4CBBA-A46B-4C6A-9AD3-F1E32E166577}.Release|Any CPU.Build.0 = Release|Any CPU
	EndGlobalSection
	GlobalSection(SolutionProperties) = preSolution
		HideSolutionNode = FALSE
	EndGlobalSection
	GlobalSection(ExtensibilityGlobals) = postSolution
		SolutionGuid = {BABC418D-BEA1-48E2-AEB7-B66672ECB3CC}
	EndGlobalSection
EndGlobal
